
Microsoft Visual Studio Solution File, Format Version 12.00
# Visual Studio Version 16
VisualStudioVersion = 16.0.32428.217
MinimumVisualStudioVersion = 10.0.40219.1
Project("{FAE04EC0-301F-11D3-BF4B-00C04F79EFBC}") = "Ejercicio1_CrearArreglo", "Ejercicio1_CrearArreglo.csproj", "{34A6C8CE-4A7E-4ADE-A59A-6B45E8FC5782}"
EndProject
Global
	GlobalSection(SolutionConfigurationPlatforms) = preSolution
		Debug|Any CPU = Debug|Any CPU
		Release|Any CPU = Release|Any CPU
	EndGlobalSection
	GlobalSection(ProjectConfigurationPlatforms) = postSolution
		{34A6C8CE-4A7E-4ADE-A59A-6B45E8FC5782}.Debug|Any CPU.ActiveCfg = Debug|Any CPU
		{34A6C8CE-4A7E-4ADE-A59A-6B45E8FC5782}.Debug|Any CPU.Build.0 = Debug|Any CPU
		{34A6C8CE-4A7E-4ADE-A59A-6B45E8FC5782}.Release|Any CPU.ActiveCfg = Release|Any CPU
		{34A6C8CE-4A7E-4ADE-A59A-6B45E8FC5782}.Release|Any CPU.Build.0 = Release|Any CPU
	EndGlobalSection
	GlobalSection(SolutionProperties) = preSolution
		HideSolutionNode = FALSE
	EndGlobalSection
	GlobalSection(ExtensibilityGlobals) = postSolution
		SolutionGuid = {5089E420-3403-48A1-9BB9-7F17AED462CE}
	EndGlobalSection
EndGlobal
